
Microsoft Visual Studio Solution File, Format Version 12.00
# Visual Studio 15
VisualStudioVersion = 15.0.28010.2048
MinimumVisualStudioVersion = 10.0.40219.1
Project("{9A19103F-16F7-4668-BE54-9A1E7A4F7556}") = "ScreenShooter", "ScreenShooter\ScreenShooter.csproj", "{A5E4052C-72FF-4A4B-A053-60D76B7EC5D2}"
EndProject
Project("{FAE04EC0-301F-11D3-BF4B-00C04F79EFBC}") = "ScreenShooter.IO", "ScreenShooter.IO\ScreenShooter.IO.csproj", "{30A6FDC1-C197-4702-858B-CDB5198645FB}"
EndProject
Project("{FAE04EC0-301F-11D3-BF4B-00C04F79EFBC}") = "ScreenShooter.Actuator", "ScreenShooter.Actuator\ScreenShooter.Actuator.csproj", "{04FFEEA3-E831-411C-B87E-1154AFF2BD6B}"
EndProject
Project("{FAE04EC0-301F-11D3-BF4B-00C04F79EFBC}") = "ScreenShooter.Helper", "ScreenShooter.Helper\ScreenShooter.Helper.csproj", "{198DF333-AB7B-4ABB-8B62-6164F48A0FE0}"
EndProject
Global
	GlobalSection(SolutionConfigurationPlatforms) = preSolution
		Debug|Any CPU = Debug|Any CPU
		Release|Any CPU = Release|Any CPU
	EndGlobalSection
	GlobalSection(ProjectConfigurationPlatforms) = postSolution
		{A5E4052C-72FF-4A4B-A053-60D76B7EC5D2}.Debug|Any CPU.ActiveCfg = Debug|Any CPU
		{A5E4052C-72FF-4A4B-A053-60D76B7EC5D2}.Debug|Any CPU.Build.0 = Debug|Any CPU
		{A5E4052C-72FF-4A4B-A053-60D76B7EC5D2}.Release|Any CPU.ActiveCfg = Release|Any CPU
		{A5E4052C-72FF-4A4B-A053-60D76B7EC5D2}.Release|Any CPU.Build.0 = Release|Any CPU
		{30A6FDC1-C197-4702-858B-CDB5198645FB}.Debug|Any CPU.ActiveCfg = Debug|Any CPU
		{30A6FDC1-C197-4702-858B-CDB5198645FB}.Debug|Any CPU.Build.0 = Debug|Any CPU
		{30A6FDC1-C197-4702-858B-CDB5198645FB}.Release|Any CPU.ActiveCfg = Release|Any CPU
		{30A6FDC1-C197-4702-858B-CDB5198645FB}.Release|Any CPU.Build.0 = Release|Any CPU
		{04FFEEA3-E831-411C-B87E-1154AFF2BD6B}.Debug|Any CPU.ActiveCfg = Debug|Any CPU
		{04FFEEA3-E831-411C-B87E-1154AFF2BD6B}.Debug|Any CPU.Build.0 = Debug|Any CPU
		{04FFEEA3-E831-411C-B87E-1154AFF2BD6B}.Release|Any CPU.ActiveCfg = Release|Any CPU
		{04FFEEA3-E831-411C-B87E-1154AFF2BD6B}.Release|Any CPU.Build.0 = Release|Any CPU
		{198DF333-AB7B-4ABB-8B62-6164F48A0FE0}.Debug|Any CPU.ActiveCfg = Debug|Any CPU
		{198DF333-AB7B-4ABB-8B62-6164F48A0FE0}.Debug|Any CPU.Build.0 = Debug|Any CPU
		{198DF333-AB7B-4ABB-8B62-6164F48A0FE0}.Release|Any CPU.ActiveCfg = Release|Any CPU
		{198DF333-AB7B-4ABB-8B62-6164F48A0FE0}.Release|Any CPU.Build.0 = Release|Any CPU
	EndGlobalSection
	GlobalSection(SolutionProperties) = preSolution
		HideSolutionNode = FALSE
	EndGlobalSection
	GlobalSection(ExtensibilityGlobals) = postSolution
		SolutionGuid = {9005D853-79B6-4B49-96D6-2E2DF8E704EB}
	EndGlobalSection
EndGlobal
